
Microsoft Visual Studio Solution File, Format Version 12.00
# Visual Studio Version 16
VisualStudioVersion = 16.0.28803.202
MinimumVisualStudioVersion = 10.0.40219.1
Project("{FAE04EC0-301F-11D3-BF4B-00C04F79EFBC}") = "WorkApplication", "WorkApplication\WorkApplication.csproj", "{BA61BF99-0DE6-491E-8D0C-00EE087502D2}"
EndProject
Project("{FAE04EC0-301F-11D3-BF4B-00C04F79EFBC}") = "WorkApplication.Domain", "WorkApplication.Domain\WorkApplication.Domain.csproj", "{7FC1560F-E33F-4E24-86FA-24F0E14A4CA2}"
EndProject
Project("{9092AA53-FB77-4645-B42D-1CCCA6BD08BD}") = "ExpressApp", "ExpressApp\ExpressApp.njsproj", "{E5C22E44-1E3F-4FCA-88C0-9D262F61D5E0}"
EndProject
Project("{00D1A9C2-B5F0-4AF3-8072-F6C62B433612}") = "WorkDatabase", "WorkDatabase\WorkDatabase.sqlproj", "{30389FDA-9FDE-4074-A524-E89FD85E044E}"
EndProject
Project("{FAE04EC0-301F-11D3-BF4B-00C04F79EFBC}") = "WindowsFormsApp", "WindowsFormsApp\WindowsFormsApp.csproj", "{222512DF-47BB-4F40-AF81-838467AF7EFE}"
EndProject
Global
	GlobalSection(SolutionConfigurationPlatforms) = preSolution
		Debug|Any CPU = Debug|Any CPU
		Release|Any CPU = Release|Any CPU
	EndGlobalSection
	GlobalSection(ProjectConfigurationPlatforms) = postSolution
		{BA61BF99-0DE6-491E-8D0C-00EE087502D2}.Debug|Any CPU.ActiveCfg = Debug|Any CPU
		{BA61BF99-0DE6-491E-8D0C-00EE087502D2}.Debug|Any CPU.Build.0 = Debug|Any CPU
		{BA61BF99-0DE6-491E-8D0C-00EE087502D2}.Release|Any CPU.ActiveCfg = Release|Any CPU
		{BA61BF99-0DE6-491E-8D0C-00EE087502D2}.Release|Any CPU.Build.0 = Release|Any CPU
		{7FC1560F-E33F-4E24-86FA-24F0E14A4CA2}.Debug|Any CPU.ActiveCfg = Debug|Any CPU
		{7FC1560F-E33F-4E24-86FA-24F0E14A4CA2}.Debug|Any CPU.Build.0 = Debug|Any CPU
		{7FC1560F-E33F-4E24-86FA-24F0E14A4CA2}.Release|Any CPU.ActiveCfg = Release|Any CPU
		{7FC1560F-E33F-4E24-86FA-24F0E14A4CA2}.Release|Any CPU.Build.0 = Release|Any CPU
		{E5C22E44-1E3F-4FCA-88C0-9D262F61D5E0}.Debug|Any CPU.ActiveCfg = Debug|Any CPU
		{E5C22E44-1E3F-4FCA-88C0-9D262F61D5E0}.Debug|Any CPU.Build.0 = Debug|Any CPU
		{E5C22E44-1E3F-4FCA-88C0-9D262F61D5E0}.Release|Any CPU.ActiveCfg = Release|Any CPU
		{E5C22E44-1E3F-4FCA-88C0-9D262F61D5E0}.Release|Any CPU.Build.0 = Release|Any CPU
		{30389FDA-9FDE-4074-A524-E89FD85E044E}.Debug|Any CPU.ActiveCfg = Debug|Any CPU
		{30389FDA-9FDE-4074-A524-E89FD85E044E}.Debug|Any CPU.Build.0 = Debug|Any CPU
		{30389FDA-9FDE-4074-A524-E89FD85E044E}.Debug|Any CPU.Deploy.0 = Debug|Any CPU
		{30389FDA-9FDE-4074-A524-E89FD85E044E}.Release|Any CPU.ActiveCfg = Release|Any CPU
		{30389FDA-9FDE-4074-A524-E89FD85E044E}.Release|Any CPU.Build.0 = Release|Any CPU
		{30389FDA-9FDE-4074-A524-E89FD85E044E}.Release|Any CPU.Deploy.0 = Release|Any CPU
		{222512DF-47BB-4F40-AF81-838467AF7EFE}.Debug|Any CPU.ActiveCfg = Debug|Any CPU
		{222512DF-47BB-4F40-AF81-838467AF7EFE}.Debug|Any CPU.Build.0 = Debug|Any CPU
		{222512DF-47BB-4F40-AF81-838467AF7EFE}.Release|Any CPU.ActiveCfg = Release|Any CPU
		{222512DF-47BB-4F40-AF81-838467AF7EFE}.Release|Any CPU.Build.0 = Release|Any CPU
	EndGlobalSection
	GlobalSection(SolutionProperties) = preSolution
		HideSolutionNode = FALSE
	EndGlobalSection
	GlobalSection(ExtensibilityGlobals) = postSolution
		SolutionGuid = {F1FF4F5F-1024-4EB8-B737-7B9946310350}
	EndGlobalSection
EndGlobal
